
Microsoft Visual Studio Solution File, Format Version 12.00
# Visual Studio 15
VisualStudioVersion = 15.0.28307.1022
MinimumVisualStudioVersion = 10.0.40219.1
Project("{FAE04EC0-301F-11D3-BF4B-00C04F79EFBC}") = "Testing02", "Testing02\Testing02.csproj", "{0BA5D453-F978-4363-9D76-E9A9D4DF8722}"
EndProject
Project("{FAE04EC0-301F-11D3-BF4B-00C04F79EFBC}") = "Save Image to Sql Server", "..\..\Save Image to Sql Server\Save Image to Sql Server\Save Image to Sql Server.csproj", "{A5DFBF96-9457-40C0-B005-D06325DD4D50}"
EndProject
Project("{FAE04EC0-301F-11D3-BF4B-00C04F79EFBC}") = "PetShop", "..\..\..\Sprint1\PetShop\PetShop\PetShop.csproj", "{55DC4F20-017E-4AF7-A9E6-B440AC717B8D}"
EndProject
Project("{FAE04EC0-301F-11D3-BF4B-00C04F79EFBC}") = "KouveePetShop_Desktop", "C:\Users\marve\source\repos\KouveePetShop_Desktop\KouveePetShop_Desktop\KouveePetShop_Desktop.csproj", "{4F4D98C4-BE6A-45FB-83E3-4EF4CBE92C82}"
EndProject
Project("{FAE04EC0-301F-11D3-BF4B-00C04F79EFBC}") = "Project_P3L", "..\..\DariGit\Project_P3L\Project_P3L.csproj", "{39B970E9-8EC8-4DA3-AFDA-617961EF814E}"
EndProject
Global
	GlobalSection(SolutionConfigurationPlatforms) = preSolution
		Debug|Any CPU = Debug|Any CPU
		Release|Any CPU = Release|Any CPU
	EndGlobalSection
	GlobalSection(ProjectConfigurationPlatforms) = postSolution
		{0BA5D453-F978-4363-9D76-E9A9D4DF8722}.Debug|Any CPU.ActiveCfg = Debug|Any CPU
		{0BA5D453-F978-4363-9D76-E9A9D4DF8722}.Debug|Any CPU.Build.0 = Debug|Any CPU
		{0BA5D453-F978-4363-9D76-E9A9D4DF8722}.Release|Any CPU.ActiveCfg = Release|Any CPU
		{0BA5D453-F978-4363-9D76-E9A9D4DF8722}.Release|Any CPU.Build.0 = Release|Any CPU
		{A5DFBF96-9457-40C0-B005-D06325DD4D50}.Debug|Any CPU.ActiveCfg = Debug|Any CPU
		{A5DFBF96-9457-40C0-B005-D06325DD4D50}.Debug|Any CPU.Build.0 = Debug|Any CPU
		{A5DFBF96-9457-40C0-B005-D06325DD4D50}.Release|Any CPU.ActiveCfg = Release|Any CPU
		{A5DFBF96-9457-40C0-B005-D06325DD4D50}.Release|Any CPU.Build.0 = Release|Any CPU
		{55DC4F20-017E-4AF7-A9E6-B440AC717B8D}.Debug|Any CPU.ActiveCfg = Debug|Any CPU
		{55DC4F20-017E-4AF7-A9E6-B440AC717B8D}.Debug|Any CPU.Build.0 = Debug|Any CPU
		{55DC4F20-017E-4AF7-A9E6-B440AC717B8D}.Release|Any CPU.ActiveCfg = Release|Any CPU
		{55DC4F20-017E-4AF7-A9E6-B440AC717B8D}.Release|Any CPU.Build.0 = Release|Any CPU
		{4F4D98C4-BE6A-45FB-83E3-4EF4CBE92C82}.Debug|Any CPU.ActiveCfg = Debug|Any CPU
		{4F4D98C4-BE6A-45FB-83E3-4EF4CBE92C82}.Debug|Any CPU.Build.0 = Debug|Any CPU
		{4F4D98C4-BE6A-45FB-83E3-4EF4CBE92C82}.Release|Any CPU.ActiveCfg = Release|Any CPU
		{4F4D98C4-BE6A-45FB-83E3-4EF4CBE92C82}.Release|Any CPU.Build.0 = Release|Any CPU
		{39B970E9-8EC8-4DA3-AFDA-617961EF814E}.Debug|Any CPU.ActiveCfg = Debug|Any CPU
		{39B970E9-8EC8-4DA3-AFDA-617961EF814E}.Debug|Any CPU.Build.0 = Debug|Any CPU
		{39B970E9-8EC8-4DA3-AFDA-617961EF814E}.Release|Any CPU.ActiveCfg = Release|Any CPU
		{39B970E9-8EC8-4DA3-AFDA-617961EF814E}.Release|Any CPU.Build.0 = Release|Any CPU
	EndGlobalSection
	GlobalSection(SolutionProperties) = preSolution
		HideSolutionNode = FALSE
	EndGlobalSection
	GlobalSection(ExtensibilityGlobals) = postSolution
		SolutionGuid = {D481D628-44E8-4D5C-8372-DE650838C373}
	EndGlobalSection
EndGlobal
